
Microsoft Visual Studio Solution File, Format Version 12.00
# Visual Studio Version 16
VisualStudioVersion = 16.0.30204.135
MinimumVisualStudioVersion = 10.0.40219.1
Project("{9A19103F-16F7-4668-BE54-9A1E7A4F7556}") = "001-DataAccessLayer", "001-DataAccessLayer\001-DataAccessLayer.csproj", "{BE62435B-4B3A-4925-B9DC-F656A901E6B4}"
EndProject
Project("{9A19103F-16F7-4668-BE54-9A1E7A4F7556}") = "002-BusinessLogicLayer", "002-BusinessLogicLayer\002-BusinessLogicLayer.csproj", "{ADF540FB-229A-40C1-BFE4-CA71F9F6D460}"
EndProject
Project("{FAE04EC0-301F-11D3-BF4B-00C04F79EFBC}") = "003-WebAPI", "003-WebAPI\003-WebAPI.csproj", "{71DAC3C6-EF51-4942-B894-BCA4CB4A6EA0}"
EndProject
Global
	GlobalSection(SolutionConfigurationPlatforms) = preSolution
		Debug|Any CPU = Debug|Any CPU
		Release|Any CPU = Release|Any CPU
	EndGlobalSection
	GlobalSection(ProjectConfigurationPlatforms) = postSolution
		{BE62435B-4B3A-4925-B9DC-F656A901E6B4}.Debug|Any CPU.ActiveCfg = Debug|Any CPU
		{BE62435B-4B3A-4925-B9DC-F656A901E6B4}.Debug|Any CPU.Build.0 = Debug|Any CPU
		{BE62435B-4B3A-4925-B9DC-F656A901E6B4}.Release|Any CPU.ActiveCfg = Release|Any CPU
		{BE62435B-4B3A-4925-B9DC-F656A901E6B4}.Release|Any CPU.Build.0 = Release|Any CPU
		{ADF540FB-229A-40C1-BFE4-CA71F9F6D460}.Debug|Any CPU.ActiveCfg = Debug|Any CPU
		{ADF540FB-229A-40C1-BFE4-CA71F9F6D460}.Debug|Any CPU.Build.0 = Debug|Any CPU
		{ADF540FB-229A-40C1-BFE4-CA71F9F6D460}.Release|Any CPU.ActiveCfg = Release|Any CPU
		{ADF540FB-229A-40C1-BFE4-CA71F9F6D460}.Release|Any CPU.Build.0 = Release|Any CPU
		{71DAC3C6-EF51-4942-B894-BCA4CB4A6EA0}.Debug|Any CPU.ActiveCfg = Debug|Any CPU
		{71DAC3C6-EF51-4942-B894-BCA4CB4A6EA0}.Debug|Any CPU.Build.0 = Debug|Any CPU
		{71DAC3C6-EF51-4942-B894-BCA4CB4A6EA0}.Release|Any CPU.ActiveCfg = Release|Any CPU
		{71DAC3C6-EF51-4942-B894-BCA4CB4A6EA0}.Release|Any CPU.Build.0 = Release|Any CPU
	EndGlobalSection
	GlobalSection(SolutionProperties) = preSolution
		HideSolutionNode = FALSE
	EndGlobalSection
	GlobalSection(ExtensibilityGlobals) = postSolution
		SolutionGuid = {1F4EF523-968F-4F42-BC0C-A432C9283B8C}
	EndGlobalSection
EndGlobal
